
Microsoft Visual Studio Solution File, Format Version 12.00
Project("{FAE04EC0-301F-11D3-BF4B-00C04F79EFBC}") = "Duffel.ApiClient", "Duffel.ApiClient\Duffel.ApiClient.csproj", "{CB5D138E-7038-4AAE-ADD6-0D376B43EBAC}"
EndProject
Project("{FAE04EC0-301F-11D3-BF4B-00C04F79EFBC}") = "Duffel.ApiClient.Tests", "Duffel.ApiClient.Tests\Duffel.ApiClient.Tests.csproj", "{8C600E33-8E67-4B36-878C-1D075CDEA3F7}"
EndProject
Project("{2150E333-8FDC-42A3-9474-1A3956D46DE8}") = "Examples", "Examples", "{700B7D21-5ACF-40BC-A071-6F99311055B6}"
EndProject
Project("{FAE04EC0-301F-11D3-BF4B-00C04F79EFBC}") = "SearchAndBook", "examples\SearchAndBook\SearchAndBook.csproj", "{040C2ABE-6979-4F37-A144-D378CCAD9D04}"
EndProject
Project("{FAE04EC0-301F-11D3-BF4B-00C04F79EFBC}") = "HoldAndPayLater", "examples\HoldAndPayLater\HoldAndPayLater.csproj", "{0E8F4AED-DCEB-499E-ADA3-B861BB0B2F28}"
EndProject
Global
	GlobalSection(SolutionConfigurationPlatforms) = preSolution
		Debug|Any CPU = Debug|Any CPU
		Release|Any CPU = Release|Any CPU
	EndGlobalSection
	GlobalSection(ProjectConfigurationPlatforms) = postSolution
		{CB5D138E-7038-4AAE-ADD6-0D376B43EBAC}.Debug|Any CPU.ActiveCfg = Debug|Any CPU
		{CB5D138E-7038-4AAE-ADD6-0D376B43EBAC}.Debug|Any CPU.Build.0 = Debug|Any CPU
		{CB5D138E-7038-4AAE-ADD6-0D376B43EBAC}.Release|Any CPU.ActiveCfg = Release|Any CPU
		{CB5D138E-7038-4AAE-ADD6-0D376B43EBAC}.Release|Any CPU.Build.0 = Release|Any CPU
		{8C600E33-8E67-4B36-878C-1D075CDEA3F7}.Debug|Any CPU.ActiveCfg = Debug|Any CPU
		{8C600E33-8E67-4B36-878C-1D075CDEA3F7}.Debug|Any CPU.Build.0 = Debug|Any CPU
		{8C600E33-8E67-4B36-878C-1D075CDEA3F7}.Release|Any CPU.ActiveCfg = Release|Any CPU
		{8C600E33-8E67-4B36-878C-1D075CDEA3F7}.Release|Any CPU.Build.0 = Release|Any CPU
		{040C2ABE-6979-4F37-A144-D378CCAD9D04}.Debug|Any CPU.ActiveCfg = Debug|Any CPU
		{040C2ABE-6979-4F37-A144-D378CCAD9D04}.Debug|Any CPU.Build.0 = Debug|Any CPU
		{040C2ABE-6979-4F37-A144-D378CCAD9D04}.Release|Any CPU.ActiveCfg = Release|Any CPU
		{040C2ABE-6979-4F37-A144-D378CCAD9D04}.Release|Any CPU.Build.0 = Release|Any CPU
		{0E8F4AED-DCEB-499E-ADA3-B861BB0B2F28}.Debug|Any CPU.ActiveCfg = Debug|Any CPU
		{0E8F4AED-DCEB-499E-ADA3-B861BB0B2F28}.Debug|Any CPU.Build.0 = Debug|Any CPU
		{0E8F4AED-DCEB-499E-ADA3-B861BB0B2F28}.Release|Any CPU.ActiveCfg = Release|Any CPU
		{0E8F4AED-DCEB-499E-ADA3-B861BB0B2F28}.Release|Any CPU.Build.0 = Release|Any CPU
	EndGlobalSection
	GlobalSection(NestedProjects) = preSolution
		{040C2ABE-6979-4F37-A144-D378CCAD9D04} = {700B7D21-5ACF-40BC-A071-6F99311055B6}
		{0E8F4AED-DCEB-499E-ADA3-B861BB0B2F28} = {700B7D21-5ACF-40BC-A071-6F99311055B6}
	EndGlobalSection
EndGlobal
